
Microsoft Visual Studio Solution File, Format Version 12.00
# Visual Studio Version 16
VisualStudioVersion = 16.0.29411.108
MinimumVisualStudioVersion = 15.0.26124.0
Project("{FAE04EC0-301F-11D3-BF4B-00C04F79EFBC}") = "DevOpsManager.MobileApp.Android", "DevOpsManager.MobileApp\DevOpsManager.MobileApp.Android\DevOpsManager.MobileApp.Android.csproj", "{CB7C8E9C-B234-4C96-BE24-7FFFAF7F1036}"
EndProject
Project("{FAE04EC0-301F-11D3-BF4B-00C04F79EFBC}") = "DevOpsManager.MobileApp.iOS", "DevOpsManager.MobileApp\DevOpsManager.MobileApp.iOS\DevOpsManager.MobileApp.iOS.csproj", "{9F58F9FC-F920-4AA9-BEC6-C55594DB2A4B}"
EndProject
Project("{9A19103F-16F7-4668-BE54-9A1E7A4F7556}") = "DevOpsManager.MobileApp", "DevOpsManager.MobileApp\DevOpsManager.MobileApp\DevOpsManager.MobileApp.csproj", "{7CC50BE5-150C-45BC-B4BE-33585D0A87EA}"
EndProject
Project("{9A19103F-16F7-4668-BE54-9A1E7A4F7556}") = "DevOpsManager.MobileApp.ViewModels", "DevOpsManager.MobileApp.ViewModels\DevOpsManager.MobileApp.ViewModels.csproj", "{02EAA4D6-2CD7-4893-B5A0-8403396DADE8}"
EndProject
Project("{9A19103F-16F7-4668-BE54-9A1E7A4F7556}") = "DevOpsManager.MobileApp.Services", "DevOpsManager.MobileApp.Services\DevOpsManager.MobileApp.Services.csproj", "{2918E53E-06C4-4EBB-B999-B1DBB4AE887F}"
EndProject
Project("{9A19103F-16F7-4668-BE54-9A1E7A4F7556}") = "DevOpsManager.MobileApp.Models", "DevOpsManager.MobileApp.Models\DevOpsManager.MobileApp.Models.csproj", "{31646BC4-C1F3-439E-8FF7-7AE6B40C188C}"
EndProject
Project("{9A19103F-16F7-4668-BE54-9A1E7A4F7556}") = "Xamarin.FluentInjector", "Xamarin.FluentInjector\Xamarin.FluentInjector.csproj", "{464A2AF2-2694-4FA1-9933-2DA0135C7CC0}"
EndProject
Global
	GlobalSection(SolutionConfigurationPlatforms) = preSolution
		Debug|Any CPU = Debug|Any CPU
		Debug|iPhone = Debug|iPhone
		Debug|iPhoneSimulator = Debug|iPhoneSimulator
		Release|Any CPU = Release|Any CPU
		Release|iPhone = Release|iPhone
		Release|iPhoneSimulator = Release|iPhoneSimulator
	EndGlobalSection
	GlobalSection(ProjectConfigurationPlatforms) = postSolution
		{CB7C8E9C-B234-4C96-BE24-7FFFAF7F1036}.Debug|Any CPU.ActiveCfg = Debug|Any CPU
		{CB7C8E9C-B234-4C96-BE24-7FFFAF7F1036}.Debug|Any CPU.Build.0 = Debug|Any CPU
		{CB7C8E9C-B234-4C96-BE24-7FFFAF7F1036}.Debug|Any CPU.Deploy.0 = Debug|Any CPU
		{CB7C8E9C-B234-4C96-BE24-7FFFAF7F1036}.Debug|iPhone.ActiveCfg = Debug|Any CPU
		{CB7C8E9C-B234-4C96-BE24-7FFFAF7F1036}.Debug|iPhone.Build.0 = Debug|Any CPU
		{CB7C8E9C-B234-4C96-BE24-7FFFAF7F1036}.Debug|iPhone.Deploy.0 = Debug|Any CPU
		{CB7C8E9C-B234-4C96-BE24-7FFFAF7F1036}.Debug|iPhoneSimulator.ActiveCfg = Debug|Any CPU
		{CB7C8E9C-B234-4C96-BE24-7FFFAF7F1036}.Debug|iPhoneSimulator.Build.0 = Debug|Any CPU
		{CB7C8E9C-B234-4C96-BE24-7FFFAF7F1036}.Debug|iPhoneSimulator.Deploy.0 = Debug|Any CPU
		{CB7C8E9C-B234-4C96-BE24-7FFFAF7F1036}.Release|Any CPU.ActiveCfg = Release|Any CPU
		{CB7C8E9C-B234-4C96-BE24-7FFFAF7F1036}.Release|Any CPU.Build.0 = Release|Any CPU
		{CB7C8E9C-B234-4C96-BE24-7FFFAF7F1036}.Release|Any CPU.Deploy.0 = Release|Any CPU
		{CB7C8E9C-B234-4C96-BE24-7FFFAF7F1036}.Release|iPhone.ActiveCfg = Release|Any CPU
		{CB7C8E9C-B234-4C96-BE24-7FFFAF7F1036}.Release|iPhone.Build.0 = Release|Any CPU
		{CB7C8E9C-B234-4C96-BE24-7FFFAF7F1036}.Release|iPhone.Deploy.0 = Release|Any CPU
		{CB7C8E9C-B234-4C96-BE24-7FFFAF7F1036}.Release|iPhoneSimulator.ActiveCfg = Release|Any CPU
		{CB7C8E9C-B234-4C96-BE24-7FFFAF7F1036}.Release|iPhoneSimulator.Build.0 = Release|Any CPU
		{CB7C8E9C-B234-4C96-BE24-7FFFAF7F1036}.Release|iPhoneSimulator.Deploy.0 = Release|Any CPU
		{9F58F9FC-F920-4AA9-BEC6-C55594DB2A4B}.Debug|Any CPU.ActiveCfg = Debug|iPhone
		{9F58F9FC-F920-4AA9-BEC6-C55594DB2A4B}.Debug|iPhone.ActiveCfg = Debug|iPhone
		{9F58F9FC-F920-4AA9-BEC6-C55594DB2A4B}.Debug|iPhone.Build.0 = Debug|iPhone
		{9F58F9FC-F920-4AA9-BEC6-C55594DB2A4B}.Debug|iPhoneSimulator.ActiveCfg = Debug|iPhoneSimulator
		{9F58F9FC-F920-4AA9-BEC6-C55594DB2A4B}.Debug|iPhoneSimulator.Build.0 = Debug|iPhoneSimulator
		{9F58F9FC-F920-4AA9-BEC6-C55594DB2A4B}.Release|Any CPU.ActiveCfg = Release|iPhone
		{9F58F9FC-F920-4AA9-BEC6-C55594DB2A4B}.Release|iPhone.ActiveCfg = Release|iPhone
		{9F58F9FC-F920-4AA9-BEC6-C55594DB2A4B}.Release|iPhone.Build.0 = Release|iPhone
		{9F58F9FC-F920-4AA9-BEC6-C55594DB2A4B}.Release|iPhoneSimulator.ActiveCfg = Release|iPhoneSimulator
		{9F58F9FC-F920-4AA9-BEC6-C55594DB2A4B}.Release|iPhoneSimulator.Build.0 = Release|iPhoneSimulator
		{7CC50BE5-150C-45BC-B4BE-33585D0A87EA}.Debug|Any CPU.ActiveCfg = Debug|Any CPU
		{7CC50BE5-150C-45BC-B4BE-33585D0A87EA}.Debug|Any CPU.Build.0 = Debug|Any CPU
		{7CC50BE5-150C-45BC-B4BE-33585D0A87EA}.Debug|iPhone.ActiveCfg = Debug|Any CPU
		{7CC50BE5-150C-45BC-B4BE-33585D0A87EA}.Debug|iPhone.Build.0 = Debug|Any CPU
		{7CC50BE5-150C-45BC-B4BE-33585D0A87EA}.Debug|iPhoneSimulator.ActiveCfg = Debug|Any CPU
		{7CC50BE5-150C-45BC-B4BE-33585D0A87EA}.Debug|iPhoneSimulator.Build.0 = Debug|Any CPU
		{7CC50BE5-150C-45BC-B4BE-33585D0A87EA}.Release|Any CPU.ActiveCfg = Release|Any CPU
		{7CC50BE5-150C-45BC-B4BE-33585D0A87EA}.Release|Any CPU.Build.0 = Release|Any CPU
		{7CC50BE5-150C-45BC-B4BE-33585D0A87EA}.Release|iPhone.ActiveCfg = Release|Any CPU
		{7CC50BE5-150C-45BC-B4BE-33585D0A87EA}.Release|iPhone.Build.0 = Release|Any CPU
		{7CC50BE5-150C-45BC-B4BE-33585D0A87EA}.Release|iPhoneSimulator.ActiveCfg = Release|Any CPU
		{7CC50BE5-150C-45BC-B4BE-33585D0A87EA}.Release|iPhoneSimulator.Build.0 = Release|Any CPU
		{02EAA4D6-2CD7-4893-B5A0-8403396DADE8}.Debug|Any CPU.ActiveCfg = Debug|Any CPU
		{02EAA4D6-2CD7-4893-B5A0-8403396DADE8}.Debug|Any CPU.Build.0 = Debug|Any CPU
		{02EAA4D6-2CD7-4893-B5A0-8403396DADE8}.Debug|iPhone.ActiveCfg = Debug|Any CPU
		{02EAA4D6-2CD7-4893-B5A0-8403396DADE8}.Debug|iPhone.Build.0 = Debug|Any CPU
		{02EAA4D6-2CD7-4893-B5A0-8403396DADE8}.Debug|iPhoneSimulator.ActiveCfg = Debug|Any CPU
		{02EAA4D6-2CD7-4893-B5A0-8403396DADE8}.Debug|iPhoneSimulator.Build.0 = Debug|Any CPU
		{02EAA4D6-2CD7-4893-B5A0-8403396DADE8}.Release|Any CPU.ActiveCfg = Release|Any CPU
		{02EAA4D6-2CD7-4893-B5A0-8403396DADE8}.Release|Any CPU.Build.0 = Release|Any CPU
		{02EAA4D6-2CD7-4893-B5A0-8403396DADE8}.Release|iPhone.ActiveCfg = Release|Any CPU
		{02EAA4D6-2CD7-4893-B5A0-8403396DADE8}.Release|iPhone.Build.0 = Release|Any CPU
		{02EAA4D6-2CD7-4893-B5A0-8403396DADE8}.Release|iPhoneSimulator.ActiveCfg = Release|Any CPU
		{02EAA4D6-2CD7-4893-B5A0-8403396DADE8}.Release|iPhoneSimulator.Build.0 = Release|Any CPU
		{2918E53E-06C4-4EBB-B999-B1DBB4AE887F}.Debug|Any CPU.ActiveCfg = Debug|Any CPU
		{2918E53E-06C4-4EBB-B999-B1DBB4AE887F}.Debug|Any CPU.Build.0 = Debug|Any CPU
		{2918E53E-06C4-4EBB-B999-B1DBB4AE887F}.Debug|iPhone.ActiveCfg = Debug|Any CPU
		{2918E53E-06C4-4EBB-B999-B1DBB4AE887F}.Debug|iPhone.Build.0 = Debug|Any CPU
		{2918E53E-06C4-4EBB-B999-B1DBB4AE887F}.Debug|iPhoneSimulator.ActiveCfg = Debug|Any CPU
		{2918E53E-06C4-4EBB-B999-B1DBB4AE887F}.Debug|iPhoneSimulator.Build.0 = Debug|Any CPU
		{2918E53E-06C4-4EBB-B999-B1DBB4AE887F}.Release|Any CPU.ActiveCfg = Release|Any CPU
		{2918E53E-06C4-4EBB-B999-B1DBB4AE887F}.Release|Any CPU.Build.0 = Release|Any CPU
		{2918E53E-06C4-4EBB-B999-B1DBB4AE887F}.Release|iPhone.ActiveCfg = Release|Any CPU
		{2918E53E-06C4-4EBB-B999-B1DBB4AE887F}.Release|iPhone.Build.0 = Release|Any CPU
		{2918E53E-06C4-4EBB-B999-B1DBB4AE887F}.Release|iPhoneSimulator.ActiveCfg = Release|Any CPU
		{2918E53E-06C4-4EBB-B999-B1DBB4AE887F}.Release|iPhoneSimulator.Build.0 = Release|Any CPU
		{31646BC4-C1F3-439E-8FF7-7AE6B40C188C}.Debug|Any CPU.ActiveCfg = Debug|Any CPU
		{31646BC4-C1F3-439E-8FF7-7AE6B40C188C}.Debug|Any CPU.Build.0 = Debug|Any CPU
		{31646BC4-C1F3-439E-8FF7-7AE6B40C188C}.Debug|iPhone.ActiveCfg = Debug|Any CPU
		{31646BC4-C1F3-439E-8FF7-7AE6B40C188C}.Debug|iPhone.Build.0 = Debug|Any CPU
		{31646BC4-C1F3-439E-8FF7-7AE6B40C188C}.Debug|iPhoneSimulator.ActiveCfg = Debug|Any CPU
		{31646BC4-C1F3-439E-8FF7-7AE6B40C188C}.Debug|iPhoneSimulator.Build.0 = Debug|Any CPU
		{31646BC4-C1F3-439E-8FF7-7AE6B40C188C}.Release|Any CPU.ActiveCfg = Release|Any CPU
		{31646BC4-C1F3-439E-8FF7-7AE6B40C188C}.Release|Any CPU.Build.0 = Release|Any CPU
		{31646BC4-C1F3-439E-8FF7-7AE6B40C188C}.Release|iPhone.ActiveCfg = Release|Any CPU
		{31646BC4-C1F3-439E-8FF7-7AE6B40C188C}.Release|iPhone.Build.0 = Release|Any CPU
		{31646BC4-C1F3-439E-8FF7-7AE6B40C188C}.Release|iPhoneSimulator.ActiveCfg = Release|Any CPU
		{31646BC4-C1F3-439E-8FF7-7AE6B40C188C}.Release|iPhoneSimulator.Build.0 = Release|Any CPU
		{464A2AF2-2694-4FA1-9933-2DA0135C7CC0}.Debug|Any CPU.ActiveCfg = Debug|Any CPU
		{464A2AF2-2694-4FA1-9933-2DA0135C7CC0}.Debug|Any CPU.Build.0 = Debug|Any CPU
		{464A2AF2-2694-4FA1-9933-2DA0135C7CC0}.Debug|iPhone.ActiveCfg = Debug|Any CPU
		{464A2AF2-2694-4FA1-9933-2DA0135C7CC0}.Debug|iPhone.Build.0 = Debug|Any CPU
		{464A2AF2-2694-4FA1-9933-2DA0135C7CC0}.Debug|iPhoneSimulator.ActiveCfg = Debug|Any CPU
		{464A2AF2-2694-4FA1-9933-2DA0135C7CC0}.Debug|iPhoneSimulator.Build.0 = Debug|Any CPU
		{464A2AF2-2694-4FA1-9933-2DA0135C7CC0}.Release|Any CPU.ActiveCfg = Release|Any CPU
		{464A2AF2-2694-4FA1-9933-2DA0135C7CC0}.Release|Any CPU.Build.0 = Release|Any CPU
		{464A2AF2-2694-4FA1-9933-2DA0135C7CC0}.Release|iPhone.ActiveCfg = Release|Any CPU
		{464A2AF2-2694-4FA1-9933-2DA0135C7CC0}.Release|iPhone.Build.0 = Release|Any CPU
		{464A2AF2-2694-4FA1-9933-2DA0135C7CC0}.Release|iPhoneSimulator.ActiveCfg = Release|Any CPU
		{464A2AF2-2694-4FA1-9933-2DA0135C7CC0}.Release|iPhoneSimulator.Build.0 = Release|Any CPU
	EndGlobalSection
	GlobalSection(SolutionProperties) = preSolution
		HideSolutionNode = FALSE
	EndGlobalSection
	GlobalSection(ExtensibilityGlobals) = postSolution
		SolutionGuid = {9D2BE056-4778-4DAB-A031-A0C84404E801}
	EndGlobalSection
EndGlobal
